
Microsoft Visual Studio Solution File, Format Version 12.00
# Visual Studio Version 17
VisualStudioVersion = 17.3.32901.215
MinimumVisualStudioVersion = 10.0.40219.1
Project("{9A19103F-16F7-4668-BE54-9A1E7A4F7556}") = "FinancialManager.Api", "FinancialManager\FinancialManager.Api.csproj", "{143EE2E7-D3DD-4A11-BA4B-8FF127358771}"
EndProject
Project("{9A19103F-16F7-4668-BE54-9A1E7A4F7556}") = "FinancialManager.Domain", "FinancialManager.Domain\FinancialManager.Domain.csproj", "{15C75B6C-1E2E-424F-AFDF-83EF7EEED067}"
EndProject
Project("{9A19103F-16F7-4668-BE54-9A1E7A4F7556}") = "FinancialManager.InfraStructure", "FinancialManager.InfraStructure\FinancialManager.InfraStructure.csproj", "{47EB2CF6-A1CB-4355-AE4A-CD7CB3208799}"
EndProject
Project("{9A19103F-16F7-4668-BE54-9A1E7A4F7556}") = "FinancialManager.IoC", "FinancialManager.IoC\FinancialManager.IoC.csproj", "{38A1103F-C88D-4940-9915-4C867118AC17}"
EndProject
Project("{9A19103F-16F7-4668-BE54-9A1E7A4F7556}") = "FinancialManager.Application", "FinancialManager.Application\FinancialManager.Application.csproj", "{7F69A9C0-780A-4D4B-90F0-3A4B9689F894}"
EndProject
Project("{FAE04EC0-301F-11D3-BF4B-00C04F79EFBC}") = "FinancialManager.Tests", "FinancialManager.Tests\FinancialManager.Tests.csproj", "{F9C1E2BF-074C-4AFC-AA71-0233ADF39B34}"
EndProject
Global
	GlobalSection(SolutionConfigurationPlatforms) = preSolution
		Debug|Any CPU = Debug|Any CPU
		Release|Any CPU = Release|Any CPU
	EndGlobalSection
	GlobalSection(ProjectConfigurationPlatforms) = postSolution
		{143EE2E7-D3DD-4A11-BA4B-8FF127358771}.Debug|Any CPU.ActiveCfg = Debug|Any CPU
		{143EE2E7-D3DD-4A11-BA4B-8FF127358771}.Debug|Any CPU.Build.0 = Debug|Any CPU
		{143EE2E7-D3DD-4A11-BA4B-8FF127358771}.Release|Any CPU.ActiveCfg = Release|Any CPU
		{143EE2E7-D3DD-4A11-BA4B-8FF127358771}.Release|Any CPU.Build.0 = Release|Any CPU
		{15C75B6C-1E2E-424F-AFDF-83EF7EEED067}.Debug|Any CPU.ActiveCfg = Debug|Any CPU
		{15C75B6C-1E2E-424F-AFDF-83EF7EEED067}.Debug|Any CPU.Build.0 = Debug|Any CPU
		{15C75B6C-1E2E-424F-AFDF-83EF7EEED067}.Release|Any CPU.ActiveCfg = Release|Any CPU
		{15C75B6C-1E2E-424F-AFDF-83EF7EEED067}.Release|Any CPU.Build.0 = Release|Any CPU
		{47EB2CF6-A1CB-4355-AE4A-CD7CB3208799}.Debug|Any CPU.ActiveCfg = Debug|Any CPU
		{47EB2CF6-A1CB-4355-AE4A-CD7CB3208799}.Debug|Any CPU.Build.0 = Debug|Any CPU
		{47EB2CF6-A1CB-4355-AE4A-CD7CB3208799}.Release|Any CPU.ActiveCfg = Release|Any CPU
		{47EB2CF6-A1CB-4355-AE4A-CD7CB3208799}.Release|Any CPU.Build.0 = Release|Any CPU
		{38A1103F-C88D-4940-9915-4C867118AC17}.Debug|Any CPU.ActiveCfg = Debug|Any CPU
		{38A1103F-C88D-4940-9915-4C867118AC17}.Debug|Any CPU.Build.0 = Debug|Any CPU
		{38A1103F-C88D-4940-9915-4C867118AC17}.Release|Any CPU.ActiveCfg = Release|Any CPU
		{38A1103F-C88D-4940-9915-4C867118AC17}.Release|Any CPU.Build.0 = Release|Any CPU
		{7F69A9C0-780A-4D4B-90F0-3A4B9689F894}.Debug|Any CPU.ActiveCfg = Debug|Any CPU
		{7F69A9C0-780A-4D4B-90F0-3A4B9689F894}.Debug|Any CPU.Build.0 = Debug|Any CPU
		{7F69A9C0-780A-4D4B-90F0-3A4B9689F894}.Release|Any CPU.ActiveCfg = Release|Any CPU
		{7F69A9C0-780A-4D4B-90F0-3A4B9689F894}.Release|Any CPU.Build.0 = Release|Any CPU
		{F9C1E2BF-074C-4AFC-AA71-0233ADF39B34}.Debug|Any CPU.ActiveCfg = Debug|Any CPU
		{F9C1E2BF-074C-4AFC-AA71-0233ADF39B34}.Debug|Any CPU.Build.0 = Debug|Any CPU
		{F9C1E2BF-074C-4AFC-AA71-0233ADF39B34}.Release|Any CPU.ActiveCfg = Release|Any CPU
		{F9C1E2BF-074C-4AFC-AA71-0233ADF39B34}.Release|Any CPU.Build.0 = Release|Any CPU
	EndGlobalSection
	GlobalSection(SolutionProperties) = preSolution
		HideSolutionNode = FALSE
	EndGlobalSection
	GlobalSection(ExtensibilityGlobals) = postSolution
		SolutionGuid = {FDC30C39-891D-4611-B29E-9E7DBABAA59E}
	EndGlobalSection
EndGlobal
